// !$*UTF8*$!
{
	archiveVersion = 1;
	classes = {
	};
	objectVersion = 55;
	objects = {

/* Begin PBXBuildFile section */
		F41BE7BB28AD257800FEB41B /* FeedViewModel.swift in Sources */ = {isa = PBXBuildFile; fileRef = F41BE7BA28AD257800FEB41B /* FeedViewModel.swift */; };
		F41BE7BD28AD27A700FEB41B /* TestData.swift in Sources */ = {isa = PBXBuildFile; fileRef = F41BE7BC28AD27A700FEB41B /* TestData.swift */; };
		F41BE7BF28AD28EC00FEB41B /* Story.json in Resources */ = {isa = PBXBuildFile; fileRef = F41BE7BE28AD28EB00FEB41B /* Story.json */; };
		F42F213E28AABA1700B8E521 /* DemoFeatureApp.swift in Sources */ = {isa = PBXBuildFile; fileRef = F42F213D28AABA1700B8E521 /* DemoFeatureApp.swift */; };
		F42F214028AABA1700B8E521 /* FeedView.swift in Sources */ = {isa = PBXBuildFile; fileRef = F42F213F28AABA1700B8E521 /* FeedView.swift */; };
		F42F214228AABA1A00B8E521 /* Assets.xcassets in Resources */ = {isa = PBXBuildFile; fileRef = F42F214128AABA1A00B8E521 /* Assets.xcassets */; };
		F42F214528AABA1A00B8E521 /* Preview Assets.xcassets in Resources */ = {isa = PBXBuildFile; fileRef = F42F214428AABA1A00B8E521 /* Preview Assets.xcassets */; };
		F42F214E28AB054500B8E521 /* Requirements.docc in Sources */ = {isa = PBXBuildFile; fileRef = F42F214D28AB054500B8E521 /* Requirements.docc */; };
		F42F215028AB1B3300B8E521 /* FeedItem.swift in Sources */ = {isa = PBXBuildFile; fileRef = F42F214F28AB1B3300B8E521 /* FeedItem.swift */; };
		F42F215228AB1F1500B8E521 /* FeedLoader.swift in Sources */ = {isa = PBXBuildFile; fileRef = F42F215128AB1F1500B8E521 /* FeedLoader.swift */; };
		F42F216528AB25E700B8E521 /* RemoteFeedLoaderTests.swift in Sources */ = {isa = PBXBuildFile; fileRef = F42F216428AB25E700B8E521 /* RemoteFeedLoaderTests.swift */; };
		F42F216828AB3AFE00B8E521 /* RemoteFeedLoader.swift in Sources */ = {isa = PBXBuildFile; fileRef = F42F216728AB3AFE00B8E521 /* RemoteFeedLoader.swift */; };
		F4410E2928AC587400006224 /* HTTPClient.swift in Sources */ = {isa = PBXBuildFile; fileRef = F4410E2828AC587400006224 /* HTTPClient.swift */; };
		F4410E2C28AC7D2100006224 /* URLSessionHTTPClientTests.swift in Sources */ = {isa = PBXBuildFile; fileRef = F4410E2B28AC7D2100006224 /* URLSessionHTTPClientTests.swift */; };
		F4B6488E28ADE7DB00BC1997 /* XCTestCase+MemoryLeakTracking.swift in Sources */ = {isa = PBXBuildFile; fileRef = F4B6488D28ADE7DB00BC1997 /* XCTestCase+MemoryLeakTracking.swift */; };
		F4D93FA028AB942800885C02 /* proj.json in Resources */ = {isa = PBXBuildFile; fileRef = F4D93F9F28AB942700885C02 /* proj.json */; };
/* End PBXBuildFile section */

/* Begin PBXContainerItemProxy section */
		F42F215D28AB22D500B8E521 /* PBXContainerItemProxy */ = {
			isa = PBXContainerItemProxy;
			containerPortal = F42F213228AABA1700B8E521 /* Project object */;
			proxyType = 1;
			remoteGlobalIDString = F42F213928AABA1700B8E521;
			remoteInfo = DemoFeature;
		};
/* End PBXContainerItemProxy section */

/* Begin PBXFileReference section */
		F41BE7BA28AD257800FEB41B /* FeedViewModel.swift */ = {isa = PBXFileReference; lastKnownFileType = sourcecode.swift; path = FeedViewModel.swift; sourceTree = "<group>"; };
		F41BE7BC28AD27A700FEB41B /* TestData.swift */ = {isa = PBXFileReference; lastKnownFileType = sourcecode.swift; path = TestData.swift; sourceTree = "<group>"; };
		F41BE7BE28AD28EB00FEB41B /* Story.json */ = {isa = PBXFileReference; lastKnownFileType = text.json; path = Story.json; sourceTree = "<group>"; };
		F42F213A28AABA1700B8E521 /* DemoFeature.app */ = {isa = PBXFileReference; explicitFileType = wrapper.application; includeInIndex = 0; path = DemoFeature.app; sourceTree = BUILT_PRODUCTS_DIR; };
		F42F213D28AABA1700B8E521 /* DemoFeatureApp.swift */ = {isa = PBXFileReference; lastKnownFileType = sourcecode.swift; path = DemoFeatureApp.swift; sourceTree = "<group>"; };
		F42F213F28AABA1700B8E521 /* FeedView.swift */ = {isa = PBXFileReference; lastKnownFileType = sourcecode.swift; path = FeedView.swift; sourceTree = "<group>"; };
		F42F214128AABA1A00B8E521 /* Assets.xcassets */ = {isa = PBXFileReference; lastKnownFileType = folder.assetcatalog; path = Assets.xcassets; sourceTree = "<group>"; };
		F42F214428AABA1A00B8E521 /* Preview Assets.xcassets */ = {isa = PBXFileReference; lastKnownFileType = folder.assetcatalog; path = "Preview Assets.xcassets"; sourceTree = "<group>"; };
		F42F214D28AB054500B8E521 /* Requirements.docc */ = {isa = PBXFileReference; lastKnownFileType = folder.documentationcatalog; path = Requirements.docc; sourceTree = "<group>"; };
		F42F214F28AB1B3300B8E521 /* FeedItem.swift */ = {isa = PBXFileReference; lastKnownFileType = sourcecode.swift; path = FeedItem.swift; sourceTree = "<group>"; };
		F42F215128AB1F1500B8E521 /* FeedLoader.swift */ = {isa = PBXFileReference; lastKnownFileType = sourcecode.swift; path = FeedLoader.swift; sourceTree = "<group>"; };
		F42F215928AB22D500B8E521 /* DemoFeatureTests.xctest */ = {isa = PBXFileReference; explicitFileType = wrapper.cfbundle; includeInIndex = 0; path = DemoFeatureTests.xctest; sourceTree = BUILT_PRODUCTS_DIR; };
		F42F216428AB25E700B8E521 /* RemoteFeedLoaderTests.swift */ = {isa = PBXFileReference; lastKnownFileType = sourcecode.swift; path = RemoteFeedLoaderTests.swift; sourceTree = "<group>"; };
		F42F216728AB3AFE00B8E521 /* RemoteFeedLoader.swift */ = {isa = PBXFileReference; lastKnownFileType = sourcecode.swift; path = RemoteFeedLoader.swift; sourceTree = "<group>"; };
		F4410E2828AC587400006224 /* HTTPClient.swift */ = {isa = PBXFileReference; lastKnownFileType = sourcecode.swift; path = HTTPClient.swift; sourceTree = "<group>"; };
		F4410E2B28AC7D2100006224 /* URLSessionHTTPClientTests.swift */ = {isa = PBXFileReference; lastKnownFileType = sourcecode.swift; path = URLSessionHTTPClientTests.swift; sourceTree = "<group>"; };
		F4B6488D28ADE7DB00BC1997 /* XCTestCase+MemoryLeakTracking.swift */ = {isa = PBXFileReference; lastKnownFileType = sourcecode.swift; path = "XCTestCase+MemoryLeakTracking.swift"; sourceTree = "<group>"; };
		F4D93F9F28AB942700885C02 /* proj.json */ = {isa = PBXFileReference; lastKnownFileType = text.json; path = proj.json; sourceTree = "<group>"; };
/* End PBXFileReference section */

/* Begin PBXFrameworksBuildPhase section */
		F42F213728AABA1700B8E521 /* Frameworks */ = {
			isa = PBXFrameworksBuildPhase;
			buildActionMask = 2147483647;
			files = (
			);
			runOnlyForDeploymentPostprocessing = 0;
		};
		F42F215628AB22D500B8E521 /* Frameworks */ = {
			isa = PBXFrameworksBuildPhase;
			buildActionMask = 2147483647;
			files = (
			);
			runOnlyForDeploymentPostprocessing = 0;
		};
/* End PBXFrameworksBuildPhase section */

/* Begin PBXGroup section */
		F42F213128AABA1700B8E521 = {
			isa = PBXGroup;
			children = (
				F4D93F9F28AB942700885C02 /* proj.json */,
				F42F214D28AB054500B8E521 /* Requirements.docc */,
				F42F213C28AABA1700B8E521 /* DemoFeature */,
				F42F215A28AB22D500B8E521 /* DemoFeatureTests */,
				F42F213B28AABA1700B8E521 /* Products */,
			);
			sourceTree = "<group>";
		};
		F42F213B28AABA1700B8E521 /* Products */ = {
			isa = PBXGroup;
			children = (
				F42F213A28AABA1700B8E521 /* DemoFeature.app */,
				F42F215928AB22D500B8E521 /* DemoFeatureTests.xctest */,
			);
			name = Products;
			sourceTree = "<group>";
		};
		F42F213C28AABA1700B8E521 /* DemoFeature */ = {
			isa = PBXGroup;
			children = (
				F42F213D28AABA1700B8E521 /* DemoFeatureApp.swift */,
				F42F213F28AABA1700B8E521 /* FeedView.swift */,
				F41BE7BA28AD257800FEB41B /* FeedViewModel.swift */,
				F42F214128AABA1A00B8E521 /* Assets.xcassets */,
				F42F214328AABA1A00B8E521 /* Preview Content */,
				F42F215428AB220500B8E521 /* FeedFeature */,
				F42F216628AB3ADE00B8E521 /* FeedAPI */,
			);
			path = DemoFeature;
			sourceTree = "<group>";
		};
		F42F214328AABA1A00B8E521 /* Preview Content */ = {
			isa = PBXGroup;
			children = (
				F41BE7BE28AD28EB00FEB41B /* Story.json */,
				F42F214428AABA1A00B8E521 /* Preview Assets.xcassets */,
				F41BE7BC28AD27A700FEB41B /* TestData.swift */,
			);
			path = "Preview Content";
			sourceTree = "<group>";
		};
		F42F215428AB220500B8E521 /* FeedFeature */ = {
			isa = PBXGroup;
			children = (
				F42F214F28AB1B3300B8E521 /* FeedItem.swift */,
				F42F215128AB1F1500B8E521 /* FeedLoader.swift */,
			);
			path = FeedFeature;
			sourceTree = "<group>";
		};
		F42F215A28AB22D500B8E521 /* DemoFeatureTests */ = {
			isa = PBXGroup;
			children = (
				F4410E2A28AC62A000006224 /* FeedAPI */,
			);
			path = DemoFeatureTests;
			sourceTree = "<group>";
		};
		F42F216628AB3ADE00B8E521 /* FeedAPI */ = {
			isa = PBXGroup;
			children = (
				F4410E2828AC587400006224 /* HTTPClient.swift */,
				F42F216728AB3AFE00B8E521 /* RemoteFeedLoader.swift */,
			);
			path = FeedAPI;
			sourceTree = "<group>";
		};
		F4410E2A28AC62A000006224 /* FeedAPI */ = {
			isa = PBXGroup;
			children = (
				F4B6488C28ADE78C00BC1997 /* Helpers */,
				F4410E2B28AC7D2100006224 /* URLSessionHTTPClientTests.swift */,
				F42F216428AB25E700B8E521 /* RemoteFeedLoaderTests.swift */,
			);
			path = FeedAPI;
			sourceTree = "<group>";
		};
		F4B6488C28ADE78C00BC1997 /* Helpers */ = {
			isa = PBXGroup;
			children = (
				F4B6488D28ADE7DB00BC1997 /* XCTestCase+MemoryLeakTracking.swift */,
			);
			path = Helpers;
			sourceTree = "<group>";
		};
/* End PBXGroup section */

/* Begin PBXNativeTarget section */
		F42F213928AABA1700B8E521 /* DemoFeature */ = {
			isa = PBXNativeTarget;
			buildConfigurationList = F42F214828AABA1A00B8E521 /* Build configuration list for PBXNativeTarget "DemoFeature" */;
			buildPhases = (
				F42F213628AABA1700B8E521 /* Sources */,
				F42F213728AABA1700B8E521 /* Frameworks */,
				F42F213828AABA1700B8E521 /* Resources */,
			);
			buildRules = (
			);
			dependencies = (
			);
			name = DemoFeature;
			productName = DemoFeature;
			productReference = F42F213A28AABA1700B8E521 /* DemoFeature.app */;
			productType = "com.apple.product-type.application";
		};
		F42F215828AB22D500B8E521 /* DemoFeatureTests */ = {
			isa = PBXNativeTarget;
			buildConfigurationList = F42F215F28AB22D500B8E521 /* Build configuration list for PBXNativeTarget "DemoFeatureTests" */;
			buildPhases = (
				F42F215528AB22D500B8E521 /* Sources */,
				F42F215628AB22D500B8E521 /* Frameworks */,
				F42F215728AB22D500B8E521 /* Resources */,
			);
			buildRules = (
			);
			dependencies = (
				F42F215E28AB22D500B8E521 /* PBXTargetDependency */,
			);
			name = DemoFeatureTests;
			productName = DemoFeatureTests;
			productReference = F42F215928AB22D500B8E521 /* DemoFeatureTests.xctest */;
			productType = "com.apple.product-type.bundle.unit-test";
		};
/* End PBXNativeTarget section */

/* Begin PBXProject section */
		F42F213228AABA1700B8E521 /* Project object */ = {
			isa = PBXProject;
			attributes = {
				BuildIndependentTargetsInParallel = 1;
				LastSwiftUpdateCheck = 1320;
				LastUpgradeCheck = 1320;
				TargetAttributes = {
					F42F213928AABA1700B8E521 = {
						CreatedOnToolsVersion = 13.2.1;
					};
					F42F215828AB22D500B8E521 = {
						CreatedOnToolsVersion = 13.2.1;
						TestTargetID = F42F213928AABA1700B8E521;
					};
				};
			};
			buildConfigurationList = F42F213528AABA1700B8E521 /* Build configuration list for PBXProject "DemoFeature" */;
			compatibilityVersion = "Xcode 13.0";
			developmentRegion = en;
			hasScannedForEncodings = 0;
			knownRegions = (
				en,
				Base,
			);
			mainGroup = F42F213128AABA1700B8E521;
			productRefGroup = F42F213B28AABA1700B8E521 /* Products */;
			projectDirPath = "";
			projectRoot = "";
			targets = (
				F42F213928AABA1700B8E521 /* DemoFeature */,
				F42F215828AB22D500B8E521 /* DemoFeatureTests */,
			);
		};
/* End PBXProject section */

/* Begin PBXResourcesBuildPhase section */
		F42F213828AABA1700B8E521 /* Resources */ = {
			isa = PBXResourcesBuildPhase;
			buildActionMask = 2147483647;
			files = (
				F42F214528AABA1A00B8E521 /* Preview Assets.xcassets in Resources */,
				F42F214228AABA1A00B8E521 /* Assets.xcassets in Resources */,
				F4D93FA028AB942800885C02 /* proj.json in Resources */,
				F41BE7BF28AD28EC00FEB41B /* Story.json in Resources */,
			);
			runOnlyForDeploymentPostprocessing = 0;
		};
		F42F215728AB22D500B8E521 /* Resources */ = {
			isa = PBXResourcesBuildPhase;
			buildActionMask = 2147483647;
			files = (
			);
			runOnlyForDeploymentPostprocessing = 0;
		};
/* End PBXResourcesBuildPhase section */

/* Begin PBXSourcesBuildPhase section */
		F42F213628AABA1700B8E521 /* Sources */ = {
			isa = PBXSourcesBuildPhase;
			buildActionMask = 2147483647;
			files = (
				F41BE7BD28AD27A700FEB41B /* TestData.swift in Sources */,
				F42F215228AB1F1500B8E521 /* FeedLoader.swift in Sources */,
				F42F216828AB3AFE00B8E521 /* RemoteFeedLoader.swift in Sources */,
				F42F214E28AB054500B8E521 /* Requirements.docc in Sources */,
				F4410E2928AC587400006224 /* HTTPClient.swift in Sources */,
				F42F214028AABA1700B8E521 /* FeedView.swift in Sources */,
				F42F213E28AABA1700B8E521 /* DemoFeatureApp.swift in Sources */,
				F41BE7BB28AD257800FEB41B /* FeedViewModel.swift in Sources */,
				F42F215028AB1B3300B8E521 /* FeedItem.swift in Sources */,
			);
			runOnlyForDeploymentPostprocessing = 0;
		};
		F42F215528AB22D500B8E521 /* Sources */ = {
			isa = PBXSourcesBuildPhase;
			buildActionMask = 2147483647;
			files = (
				F42F216528AB25E700B8E521 /* RemoteFeedLoaderTests.swift in Sources */,
				F4410E2C28AC7D2100006224 /* URLSessionHTTPClientTests.swift in Sources */,
				F4B6488E28ADE7DB00BC1997 /* XCTestCase+MemoryLeakTracking.swift in Sources */,
			);
			runOnlyForDeploymentPostprocessing = 0;
		};
/* End PBXSourcesBuildPhase section */

/* Begin PBXTargetDependency section */
		F42F215E28AB22D500B8E521 /* PBXTargetDependency */ = {
			isa = PBXTargetDependency;
			target = F42F213928AABA1700B8E521 /* DemoFeature */;
			targetProxy = F42F215D28AB22D500B8E521 /* PBXContainerItemProxy */;
		};
/* End PBXTargetDependency section */

/* Begin XCBuildConfiguration section */
		F42F214628AABA1A00B8E521 /* Debug */ = {
			isa = XCBuildConfiguration;
			buildSettings = {
				ALWAYS_SEARCH_USER_PATHS = NO;
				CLANG_ANALYZER_NONNULL = YES;
				CLANG_ANALYZER_NUMBER_OBJECT_CONVERSION = YES_AGGRESSIVE;
				CLANG_CXX_LANGUAGE_STANDARD = "gnu++17";
				CLANG_CXX_LIBRARY = "libc++";
				CLANG_ENABLE_MODULES = YES;
				CLANG_ENABLE_OBJC_ARC = YES;
				CLANG_ENABLE_OBJC_WEAK = YES;
				CLANG_WARN_BLOCK_CAPTURE_AUTORELEASING = YES;
				CLANG_WARN_BOOL_CONVERSION = YES;
				CLANG_WARN_COMMA = YES;
				CLANG_WARN_CONSTANT_CONVERSION = YES;
				CLANG_WARN_DEPRECATED_OBJC_IMPLEMENTATIONS = YES;
				CLANG_WARN_DIRECT_OBJC_ISA_USAGE = YES_ERROR;
				CLANG_WARN_DOCUMENTATION_COMMENTS = YES;
				CLANG_WARN_EMPTY_BODY = YES;
				CLANG_WARN_ENUM_CONVERSION = YES;
				CLANG_WARN_INFINITE_RECURSION = YES;
				CLANG_WARN_INT_CONVERSION = YES;
				CLANG_WARN_NON_LITERAL_NULL_CONVERSION = YES;
				CLANG_WARN_OBJC_IMPLICIT_RETAIN_SELF = YES;
				CLANG_WARN_OBJC_LITERAL_CONVERSION = YES;
				CLANG_WARN_OBJC_ROOT_CLASS = YES_ERROR;
				CLANG_WARN_QUOTED_INCLUDE_IN_FRAMEWORK_HEADER = YES;
				CLANG_WARN_RANGE_LOOP_ANALYSIS = YES;
				CLANG_WARN_STRICT_PROTOTYPES = YES;
				CLANG_WARN_SUSPICIOUS_MOVE = YES;
				CLANG_WARN_UNGUARDED_AVAILABILITY = YES_AGGRESSIVE;
				CLANG_WARN_UNREACHABLE_CODE = YES;
				CLANG_WARN__DUPLICATE_METHOD_MATCH = YES;
				COPY_PHASE_STRIP = NO;
				DEBUG_INFORMATION_FORMAT = dwarf;
				ENABLE_STRICT_OBJC_MSGSEND = YES;
				ENABLE_TESTABILITY = YES;
				GCC_C_LANGUAGE_STANDARD = gnu11;
				GCC_DYNAMIC_NO_PIC = NO;
				GCC_NO_COMMON_BLOCKS = YES;
				GCC_OPTIMIZATION_LEVEL = 0;
				GCC_PREPROCESSOR_DEFINITIONS = (
					"DEBUG=1",
					"$(inherited)",
				);
				GCC_WARN_64_TO_32_BIT_CONVERSION = YES;
				GCC_WARN_ABOUT_RETURN_TYPE = YES_ERROR;
				GCC_WARN_UNDECLARED_SELECTOR = YES;
				GCC_WARN_UNINITIALIZED_AUTOS = YES_AGGRESSIVE;
				GCC_WARN_UNUSED_FUNCTION = YES;
				GCC_WARN_UNUSED_VARIABLE = YES;
				IPHONEOS_DEPLOYMENT_TARGET = 15.2;
				MTL_ENABLE_DEBUG_INFO = INCLUDE_SOURCE;
				MTL_FAST_MATH = YES;
				ONLY_ACTIVE_ARCH = YES;
				SDKROOT = iphoneos;
				SWIFT_ACTIVE_COMPILATION_CONDITIONS = DEBUG;
				SWIFT_OPTIMIZATION_LEVEL = "-Onone";
			};
			name = Debug;
		};
		F42F214728AABA1A00B8E521 /* Release */ = {
			isa = XCBuildConfiguration;
			buildSettings = {
				ALWAYS_SEARCH_USER_PATHS = NO;
				CLANG_ANALYZER_NONNULL = YES;
				CLANG_ANALYZER_NUMBER_OBJECT_CONVERSION = YES_AGGRESSIVE;
				CLANG_CXX_LANGUAGE_STANDARD = "gnu++17";
				CLANG_CXX_LIBRARY = "libc++";
				CLANG_ENABLE_MODULES = YES;
				CLANG_ENABLE_OBJC_ARC = YES;
				CLANG_ENABLE_OBJC_WEAK = YES;
				CLANG_WARN_BLOCK_CAPTURE_AUTORELEASING = YES;
				CLANG_WARN_BOOL_CONVERSION = YES;
				CLANG_WARN_COMMA = YES;
				CLANG_WARN_CONSTANT_CONVERSION = YES;
				CLANG_WARN_DEPRECATED_OBJC_IMPLEMENTATIONS = YES;
				CLANG_WARN_DIRECT_OBJC_ISA_USAGE = YES_ERROR;
				CLANG_WARN_DOCUMENTATION_COMMENTS = YES;
				CLANG_WARN_EMPTY_BODY = YES;
				CLANG_WARN_ENUM_CONVERSION = YES;
				CLANG_WARN_INFINITE_RECURSION = YES;
				CLANG_WARN_INT_CONVERSION = YES;
				CLANG_WARN_NON_LITERAL_NULL_CONVERSION = YES;
				CLANG_WARN_OBJC_IMPLICIT_RETAIN_SELF = YES;
				CLANG_WARN_OBJC_LITERAL_CONVERSION = YES;
				CLANG_WARN_OBJC_ROOT_CLASS = YES_ERROR;
				CLANG_WARN_QUOTED_INCLUDE_IN_FRAMEWORK_HEADER = YES;
				CLANG_WARN_RANGE_LOOP_ANALYSIS = YES;
				CLANG_WARN_STRICT_PROTOTYPES = YES;
				CLANG_WARN_SUSPICIOUS_MOVE = YES;
				CLANG_WARN_UNGUARDED_AVAILABILITY = YES_AGGRESSIVE;
				CLANG_WARN_UNREACHABLE_CODE = YES;
				CLANG_WARN__DUPLICATE_METHOD_MATCH = YES;
				COPY_PHASE_STRIP = NO;
				DEBUG_INFORMATION_FORMAT = "dwarf-with-dsym";
				ENABLE_NS_ASSERTIONS = NO;
				ENABLE_STRICT_OBJC_MSGSEND = YES;
				GCC_C_LANGUAGE_STANDARD = gnu11;
				GCC_NO_COMMON_BLOCKS = YES;
				GCC_WARN_64_TO_32_BIT_CONVERSION = YES;
				GCC_WARN_ABOUT_RETURN_TYPE = YES_ERROR;
				GCC_WARN_UNDECLARED_SELECTOR = YES;
				GCC_WARN_UNINITIALIZED_AUTOS = YES_AGGRESSIVE;
				GCC_WARN_UNUSED_FUNCTION = YES;
				GCC_WARN_UNUSED_VARIABLE = YES;
				IPHONEOS_DEPLOYMENT_TARGET = 15.2;
				MTL_ENABLE_DEBUG_INFO = NO;
				MTL_FAST_MATH = YES;
				SDKROOT = iphoneos;
				SWIFT_COMPILATION_MODE = wholemodule;
				SWIFT_OPTIMIZATION_LEVEL = "-O";
				VALIDATE_PRODUCT = YES;
			};
			name = Release;
		};
		F42F214928AABA1A00B8E521 /* Debug */ = {
			isa = XCBuildConfiguration;
			buildSettings = {
				ASSETCATALOG_COMPILER_APPICON_NAME = AppIcon;
				ASSETCATALOG_COMPILER_GLOBAL_ACCENT_COLOR_NAME = AccentColor;
				CODE_SIGN_STYLE = Automatic;
				CURRENT_PROJECT_VERSION = 1;
				DEVELOPMENT_ASSET_PATHS = "\"DemoFeature/Preview Content\"";
				ENABLE_PREVIEWS = YES;
				GENERATE_INFOPLIST_FILE = YES;
				INFOPLIST_KEY_UIApplicationSceneManifest_Generation = YES;
				INFOPLIST_KEY_UIApplicationSupportsIndirectInputEvents = YES;
				INFOPLIST_KEY_UILaunchScreen_Generation = YES;
				INFOPLIST_KEY_UISupportedInterfaceOrientations_iPad = "UIInterfaceOrientationPortrait UIInterfaceOrientationPortraitUpsideDown UIInterfaceOrientationLandscapeLeft UIInterfaceOrientationLandscapeRight";
				INFOPLIST_KEY_UISupportedInterfaceOrientations_iPhone = "UIInterfaceOrientationPortrait UIInterfaceOrientationLandscapeLeft UIInterfaceOrientationLandscapeRight";
				LD_RUNPATH_SEARCH_PATHS = (
					"$(inherited)",
					"@executable_path/Frameworks",
				);
				MARKETING_VERSION = 1.0;
				PRODUCT_BUNDLE_IDENTIFIER = com.onechop.enterprise.phone.DemoFeature;
				PRODUCT_NAME = "$(TARGET_NAME)";
				SWIFT_EMIT_LOC_STRINGS = YES;
				SWIFT_VERSION = 5.0;
				TARGETED_DEVICE_FAMILY = "1,2";
			};
			name = Debug;
		};
		F42F214A28AABA1A00B8E521 /* Release */ = {
			isa = XCBuildConfiguration;
			buildSettings = {
				ASSETCATALOG_COMPILER_APPICON_NAME = AppIcon;
				ASSETCATALOG_COMPILER_GLOBAL_ACCENT_COLOR_NAME = AccentColor;
				CODE_SIGN_STYLE = Automatic;
				CURRENT_PROJECT_VERSION = 1;
				DEVELOPMENT_ASSET_PATHS = "\"DemoFeature/Preview Content\"";
				ENABLE_PREVIEWS = YES;
				GENERATE_INFOPLIST_FILE = YES;
				INFOPLIST_KEY_UIApplicationSceneManifest_Generation = YES;
				INFOPLIST_KEY_UIApplicationSupportsIndirectInputEvents = YES;
				INFOPLIST_KEY_UILaunchScreen_Generation = YES;
				INFOPLIST_KEY_UISupportedInterfaceOrientations_iPad = "UIInterfaceOrientationPortrait UIInterfaceOrientationPortraitUpsideDown UIInterfaceOrientationLandscapeLeft UIInterfaceOrientationLandscapeRight";
				INFOPLIST_KEY_UISupportedInterfaceOrientations_iPhone = "UIInterfaceOrientationPortrait UIInterfaceOrientationLandscapeLeft UIInterfaceOrientationLandscapeRight";
				LD_RUNPATH_SEARCH_PATHS = (
					"$(inherited)",
					"@executable_path/Frameworks",
				);
				MARKETING_VERSION = 1.0;
				PRODUCT_BUNDLE_IDENTIFIER = com.onechop.enterprise.phone.DemoFeature;
				PRODUCT_NAME = "$(TARGET_NAME)";
				SWIFT_EMIT_LOC_STRINGS = YES;
				SWIFT_VERSION = 5.0;
				TARGETED_DEVICE_FAMILY = "1,2";
			};
			name = Release;
		};
		F42F216028AB22D500B8E521 /* Debug */ = {
			isa = XCBuildConfiguration;
			buildSettings = {
				BUNDLE_LOADER = "$(TEST_HOST)";
				CODE_SIGN_STYLE = Automatic;
				CURRENT_PROJECT_VERSION = 1;
				GENERATE_INFOPLIST_FILE = YES;
				MARKETING_VERSION = 1.0;
				PRODUCT_BUNDLE_IDENTIFIER = com.onechop.enterprise.phone.DemoFeatureTests;
				PRODUCT_NAME = "$(TARGET_NAME)";
				SWIFT_EMIT_LOC_STRINGS = NO;
				SWIFT_VERSION = 5.0;
				TARGETED_DEVICE_FAMILY = "1,2";
				TEST_HOST = "$(BUILT_PRODUCTS_DIR)/DemoFeature.app/DemoFeature";
			};
			name = Debug;
		};
		F42F216128AB22D500B8E521 /* Release */ = {
			isa = XCBuildConfiguration;
			buildSettings = {
				BUNDLE_LOADER = "$(TEST_HOST)";
				CODE_SIGN_STYLE = Automatic;
				CURRENT_PROJECT_VERSION = 1;
				GENERATE_INFOPLIST_FILE = YES;
				MARKETING_VERSION = 1.0;
				PRODUCT_BUNDLE_IDENTIFIER = com.onechop.enterprise.phone.DemoFeatureTests;
				PRODUCT_NAME = "$(TARGET_NAME)";
				SWIFT_EMIT_LOC_STRINGS = NO;
				SWIFT_VERSION = 5.0;
				TARGETED_DEVICE_FAMILY = "1,2";
				TEST_HOST = "$(BUILT_PRODUCTS_DIR)/DemoFeature.app/DemoFeature";
			};
			name = Release;
		};
/* End XCBuildConfiguration section */

/* Begin XCConfigurationList section */
		F42F213528AABA1700B8E521 /* Build configuration list for PBXProject "DemoFeature" */ = {
			isa = XCConfigurationList;
			buildConfigurations = (
				F42F214628AABA1A00B8E521 /* Debug */,
				F42F214728AABA1A00B8E521 /* Release */,
			);
			defaultConfigurationIsVisible = 0;
			defaultConfigurationName = Release;
		};
		F42F214828AABA1A00B8E521 /* Build configuration list for PBXNativeTarget "DemoFeature" */ = {
			isa = XCConfigurationList;
			buildConfigurations = (
				F42F214928AABA1A00B8E521 /* Debug */,
				F42F214A28AABA1A00B8E521 /* Release */,
			);
			defaultConfigurationIsVisible = 0;
			defaultConfigurationName = Release;
		};
		F42F215F28AB22D500B8E521 /* Build configuration list for PBXNativeTarget "DemoFeatureTests" */ = {
			isa = XCConfigurationList;
			buildConfigurations = (
				F42F216028AB22D500B8E521 /* Debug */,
				F42F216128AB22D500B8E521 /* Release */,
			);
			defaultConfigurationIsVisible = 0;
			defaultConfigurationName = Release;
		};
/* End XCConfigurationList section */
	};
	rootObject = F42F213228AABA1700B8E521 /* Project object */;
}
